// !$*UTF8*$!
{
	archiveVersion = 1;
	classes = {
	};
	objectVersion = 50;
	objects = {

/* Begin PBXBuildFile section */
		A327B06B241B555A005821DB /* ListCell.swift in Sources */ = {isa = PBXBuildFile; fileRef = A327B06A241B555A005821DB /* ListCell.swift */; };
		A32AB1BF2418CD0A00102FB2 /* AppDelegate.swift in Sources */ = {isa = PBXBuildFile; fileRef = A32AB1BE2418CD0A00102FB2 /* AppDelegate.swift */; };
		A32AB1C12418CD0A00102FB2 /* SceneDelegate.swift in Sources */ = {isa = PBXBuildFile; fileRef = A32AB1C02418CD0A00102FB2 /* SceneDelegate.swift */; };
		A32AB1C62418CD0A00102FB2 /* Main.storyboard in Resources */ = {isa = PBXBuildFile; fileRef = A32AB1C42418CD0A00102FB2 /* Main.storyboard */; };
		A32AB1C82418CD0D00102FB2 /* Assets.xcassets in Resources */ = {isa = PBXBuildFile; fileRef = A32AB1C72418CD0D00102FB2 /* Assets.xcassets */; };
		A32AB1CB2418CD0D00102FB2 /* LaunchScreen.storyboard in Resources */ = {isa = PBXBuildFile; fileRef = A32AB1C92418CD0D00102FB2 /* LaunchScreen.storyboard */; };
		A32AB1D92418D88100102FB2 /* AppDefine.swift in Sources */ = {isa = PBXBuildFile; fileRef = A32AB1D82418D88100102FB2 /* AppDefine.swift */; };
		A32AB1DB2418D8AE00102FB2 /* LoginVC.swift in Sources */ = {isa = PBXBuildFile; fileRef = A32AB1DA2418D8AE00102FB2 /* LoginVC.swift */; };
		A330B4632419EBDB00C68A16 /* RoundButton.swift in Sources */ = {isa = PBXBuildFile; fileRef = A330B4622419EBDB00C68A16 /* RoundButton.swift */; };
		A330B4652419EBEE00C68A16 /* RoundView.swift in Sources */ = {isa = PBXBuildFile; fileRef = A330B4642419EBEE00C68A16 /* RoundView.swift */; };
		A330B4672419EC0A00C68A16 /* TopRoundView.swift in Sources */ = {isa = PBXBuildFile; fileRef = A330B4662419EC0A00C68A16 /* TopRoundView.swift */; };
		A330B4692419FB8200C68A16 /* MapVC.swift in Sources */ = {isa = PBXBuildFile; fileRef = A330B4682419FB8200C68A16 /* MapVC.swift */; };
		A330B46B2419FB9300C68A16 /* ListVC.swift in Sources */ = {isa = PBXBuildFile; fileRef = A330B46A2419FB9300C68A16 /* ListVC.swift */; };
		A330B46D241A002B00C68A16 /* PageVC.swift in Sources */ = {isa = PBXBuildFile; fileRef = A330B46C241A002B00C68A16 /* PageVC.swift */; };
		A3553B1F241A20EE00A66339 /* MenuVC.swift in Sources */ = {isa = PBXBuildFile; fileRef = A3553B1E241A20EE00A66339 /* MenuVC.swift */; };
		A3553B21241A3D6000A66339 /* SearchVC.swift in Sources */ = {isa = PBXBuildFile; fileRef = A3553B20241A3D6000A66339 /* SearchVC.swift */; };
		A3553B23241A3D9E00A66339 /* DealVC.swift in Sources */ = {isa = PBXBuildFile; fileRef = A3553B22241A3D9E00A66339 /* DealVC.swift */; };
		A3B3A234241B813800FE98C5 /* BaseVC.swift in Sources */ = {isa = PBXBuildFile; fileRef = A3B3A233241B813800FE98C5 /* BaseVC.swift */; };
		F82E2C2F91E58D29C605880F /* Pods_StreetFlow.framework in Frameworks */ = {isa = PBXBuildFile; fileRef = C74610B6BD571F4A7FA3127E /* Pods_StreetFlow.framework */; };
/* End PBXBuildFile section */

/* Begin PBXFileReference section */
		A327B06A241B555A005821DB /* ListCell.swift */ = {isa = PBXFileReference; lastKnownFileType = sourcecode.swift; path = ListCell.swift; sourceTree = "<group>"; };
		A32AB1BB2418CD0A00102FB2 /* StreetFlow.app */ = {isa = PBXFileReference; explicitFileType = wrapper.application; includeInIndex = 0; path = StreetFlow.app; sourceTree = BUILT_PRODUCTS_DIR; };
		A32AB1BE2418CD0A00102FB2 /* AppDelegate.swift */ = {isa = PBXFileReference; lastKnownFileType = sourcecode.swift; path = AppDelegate.swift; sourceTree = "<group>"; };
		A32AB1C02418CD0A00102FB2 /* SceneDelegate.swift */ = {isa = PBXFileReference; lastKnownFileType = sourcecode.swift; path = SceneDelegate.swift; sourceTree = "<group>"; };
		A32AB1C52418CD0A00102FB2 /* Base */ = {isa = PBXFileReference; lastKnownFileType = file.storyboard; name = Base; path = Base.lproj/Main.storyboard; sourceTree = "<group>"; };
		A32AB1C72418CD0D00102FB2 /* Assets.xcassets */ = {isa = PBXFileReference; lastKnownFileType = folder.assetcatalog; path = Assets.xcassets; sourceTree = "<group>"; };
		A32AB1CA2418CD0D00102FB2 /* Base */ = {isa = PBXFileReference; lastKnownFileType = file.storyboard; name = Base; path = Base.lproj/LaunchScreen.storyboard; sourceTree = "<group>"; };
		A32AB1CC2418CD0D00102FB2 /* Info.plist */ = {isa = PBXFileReference; lastKnownFileType = text.plist.xml; path = Info.plist; sourceTree = "<group>"; };
		A32AB1D82418D88100102FB2 /* AppDefine.swift */ = {isa = PBXFileReference; lastKnownFileType = sourcecode.swift; path = AppDefine.swift; sourceTree = "<group>"; };
		A32AB1DA2418D8AE00102FB2 /* LoginVC.swift */ = {isa = PBXFileReference; lastKnownFileType = sourcecode.swift; path = LoginVC.swift; sourceTree = "<group>"; };
		A330B4622419EBDB00C68A16 /* RoundButton.swift */ = {isa = PBXFileReference; lastKnownFileType = sourcecode.swift; path = RoundButton.swift; sourceTree = "<group>"; };
		A330B4642419EBEE00C68A16 /* RoundView.swift */ = {isa = PBXFileReference; lastKnownFileType = sourcecode.swift; path = RoundView.swift; sourceTree = "<group>"; };
		A330B4662419EC0A00C68A16 /* TopRoundView.swift */ = {isa = PBXFileReference; lastKnownFileType = sourcecode.swift; path = TopRoundView.swift; sourceTree = "<group>"; };
		A330B4682419FB8200C68A16 /* MapVC.swift */ = {isa = PBXFileReference; lastKnownFileType = sourcecode.swift; path = MapVC.swift; sourceTree = "<group>"; };
		A330B46A2419FB9300C68A16 /* ListVC.swift */ = {isa = PBXFileReference; lastKnownFileType = sourcecode.swift; path = ListVC.swift; sourceTree = "<group>"; };
		A330B46C241A002B00C68A16 /* PageVC.swift */ = {isa = PBXFileReference; lastKnownFileType = sourcecode.swift; path = PageVC.swift; sourceTree = "<group>"; };
		A3553B1E241A20EE00A66339 /* MenuVC.swift */ = {isa = PBXFileReference; lastKnownFileType = sourcecode.swift; path = MenuVC.swift; sourceTree = "<group>"; };
		A3553B20241A3D6000A66339 /* SearchVC.swift */ = {isa = PBXFileReference; lastKnownFileType = sourcecode.swift; path = SearchVC.swift; sourceTree = "<group>"; };
		A3553B22241A3D9E00A66339 /* DealVC.swift */ = {isa = PBXFileReference; lastKnownFileType = sourcecode.swift; path = DealVC.swift; sourceTree = "<group>"; };
		A3B3A233241B813800FE98C5 /* BaseVC.swift */ = {isa = PBXFileReference; lastKnownFileType = sourcecode.swift; path = BaseVC.swift; sourceTree = "<group>"; };
		BAB35E315C2FAE051B0D24A4 /* Pods-StreetFlow.debug.xcconfig */ = {isa = PBXFileReference; includeInIndex = 1; lastKnownFileType = text.xcconfig; name = "Pods-StreetFlow.debug.xcconfig"; path = "Target Support Files/Pods-StreetFlow/Pods-StreetFlow.debug.xcconfig"; sourceTree = "<group>"; };
		C74610B6BD571F4A7FA3127E /* Pods_StreetFlow.framework */ = {isa = PBXFileReference; explicitFileType = wrapper.framework; includeInIndex = 0; path = Pods_StreetFlow.framework; sourceTree = BUILT_PRODUCTS_DIR; };
		EC12F8F8C056A23912E76214 /* Pods-StreetFlow.release.xcconfig */ = {isa = PBXFileReference; includeInIndex = 1; lastKnownFileType = text.xcconfig; name = "Pods-StreetFlow.release.xcconfig"; path = "Target Support Files/Pods-StreetFlow/Pods-StreetFlow.release.xcconfig"; sourceTree = "<group>"; };
/* End PBXFileReference section */

/* Begin PBXFrameworksBuildPhase section */
		A32AB1B82418CD0A00102FB2 /* Frameworks */ = {
			isa = PBXFrameworksBuildPhase;
			buildActionMask = 2147483647;
			files = (
				F82E2C2F91E58D29C605880F /* Pods_StreetFlow.framework in Frameworks */,
			);
			runOnlyForDeploymentPostprocessing = 0;
		};
/* End PBXFrameworksBuildPhase section */

/* Begin PBXGroup section */
		85E174A08B214B626E3E69E3 /* Pods */ = {
			isa = PBXGroup;
			children = (
				BAB35E315C2FAE051B0D24A4 /* Pods-StreetFlow.debug.xcconfig */,
				EC12F8F8C056A23912E76214 /* Pods-StreetFlow.release.xcconfig */,
			);
			path = Pods;
			sourceTree = "<group>";
		};
		A32AB1B22418CD0900102FB2 = {
			isa = PBXGroup;
			children = (
				A32AB1BD2418CD0A00102FB2 /* StreetFlow */,
				A32AB1BC2418CD0A00102FB2 /* Products */,
				85E174A08B214B626E3E69E3 /* Pods */,
				E8B4D91BD249D4FBADEEA67B /* Frameworks */,
			);
			sourceTree = "<group>";
		};
		A32AB1BC2418CD0A00102FB2 /* Products */ = {
			isa = PBXGroup;
			children = (
				A32AB1BB2418CD0A00102FB2 /* StreetFlow.app */,
			);
			name = Products;
			sourceTree = "<group>";
		};
		A32AB1BD2418CD0A00102FB2 /* StreetFlow */ = {
			isa = PBXGroup;
			children = (
				A32AB1D32418D52A00102FB2 /* Libs */,
				A32AB1D22418D52000102FB2 /* Classes */,
				A32AB1C72418CD0D00102FB2 /* Assets.xcassets */,
				A32AB1CC2418CD0D00102FB2 /* Info.plist */,
			);
			path = StreetFlow;
			sourceTree = "<group>";
		};
		A32AB1D22418D52000102FB2 /* Classes */ = {
			isa = PBXGroup;
			children = (
				A32AB1D72418D5C800102FB2 /* Storyboards */,
				A32AB1D62418D5B300102FB2 /* Delegate */,
				A32AB1D52418D5A900102FB2 /* Model */,
				A32AB1D42418D5A000102FB2 /* VC */,
			);
			path = Classes;
			sourceTree = "<group>";
		};
		A32AB1D32418D52A00102FB2 /* Libs */ = {
			isa = PBXGroup;
			children = (
			);
			path = Libs;
			sourceTree = "<group>";
		};
		A32AB1D42418D5A000102FB2 /* VC */ = {
			isa = PBXGroup;
			children = (
				A32AB1DA2418D8AE00102FB2 /* LoginVC.swift */,
				A330B46C241A002B00C68A16 /* PageVC.swift */,
				A330B4682419FB8200C68A16 /* MapVC.swift */,
				A330B46A2419FB9300C68A16 /* ListVC.swift */,
				A3553B1E241A20EE00A66339 /* MenuVC.swift */,
				A3553B20241A3D6000A66339 /* SearchVC.swift */,
				A3553B22241A3D9E00A66339 /* DealVC.swift */,
				A3B3A233241B813800FE98C5 /* BaseVC.swift */,
			);
			path = VC;
			sourceTree = "<group>";
		};
		A32AB1D52418D5A900102FB2 /* Model */ = {
			isa = PBXGroup;
			children = (
				A32AB1D82418D88100102FB2 /* AppDefine.swift */,
				A330B4622419EBDB00C68A16 /* RoundButton.swift */,
				A330B4642419EBEE00C68A16 /* RoundView.swift */,
				A330B4662419EC0A00C68A16 /* TopRoundView.swift */,
				A327B06A241B555A005821DB /* ListCell.swift */,
			);
			path = Model;
			sourceTree = "<group>";
		};
		A32AB1D62418D5B300102FB2 /* Delegate */ = {
			isa = PBXGroup;
			children = (
				A32AB1BE2418CD0A00102FB2 /* AppDelegate.swift */,
				A32AB1C02418CD0A00102FB2 /* SceneDelegate.swift */,
			);
			path = Delegate;
			sourceTree = "<group>";
		};
		A32AB1D72418D5C800102FB2 /* Storyboards */ = {
			isa = PBXGroup;
			children = (
				A32AB1C42418CD0A00102FB2 /* Main.storyboard */,
				A32AB1C92418CD0D00102FB2 /* LaunchScreen.storyboard */,
			);
			path = Storyboards;
			sourceTree = "<group>";
		};
		E8B4D91BD249D4FBADEEA67B /* Frameworks */ = {
			isa = PBXGroup;
			children = (
				C74610B6BD571F4A7FA3127E /* Pods_StreetFlow.framework */,
			);
			name = Frameworks;
			sourceTree = "<group>";
		};
/* End PBXGroup section */

/* Begin PBXNativeTarget section */
		A32AB1BA2418CD0A00102FB2 /* StreetFlow */ = {
			isa = PBXNativeTarget;
			buildConfigurationList = A32AB1CF2418CD0D00102FB2 /* Build configuration list for PBXNativeTarget "StreetFlow" */;
			buildPhases = (
				23092107A51BD83C9649F9F7 /* [CP] Check Pods Manifest.lock */,
				A32AB1B72418CD0A00102FB2 /* Sources */,
				A32AB1B82418CD0A00102FB2 /* Frameworks */,
				A32AB1B92418CD0A00102FB2 /* Resources */,
				2706087C79D5E4432865749C /* [CP] Embed Pods Frameworks */,
			);
			buildRules = (
			);
			dependencies = (
			);
			name = StreetFlow;
			productName = StreetFlow;
			productReference = A32AB1BB2418CD0A00102FB2 /* StreetFlow.app */;
			productType = "com.apple.product-type.application";
		};
/* End PBXNativeTarget section */

/* Begin PBXProject section */
		A32AB1B32418CD0900102FB2 /* Project object */ = {
			isa = PBXProject;
			attributes = {
				LastSwiftUpdateCheck = 1100;
				LastUpgradeCheck = 1100;
				ORGANIZATIONNAME = ClubA;
				TargetAttributes = {
					A32AB1BA2418CD0A00102FB2 = {
						CreatedOnToolsVersion = 11.0;
					};
				};
			};
			buildConfigurationList = A32AB1B62418CD0900102FB2 /* Build configuration list for PBXProject "StreetFlow" */;
			compatibilityVersion = "Xcode 9.3";
			developmentRegion = en;
			hasScannedForEncodings = 0;
			knownRegions = (
				en,
				Base,
			);
			mainGroup = A32AB1B22418CD0900102FB2;
			productRefGroup = A32AB1BC2418CD0A00102FB2 /* Products */;
			projectDirPath = "";
			projectRoot = "";
			targets = (
				A32AB1BA2418CD0A00102FB2 /* StreetFlow */,
			);
		};
/* End PBXProject section */

/* Begin PBXResourcesBuildPhase section */
		A32AB1B92418CD0A00102FB2 /* Resources */ = {
			isa = PBXResourcesBuildPhase;
			buildActionMask = 2147483647;
			files = (
				A32AB1CB2418CD0D00102FB2 /* LaunchScreen.storyboard in Resources */,
				A32AB1C82418CD0D00102FB2 /* Assets.xcassets in Resources */,
				A32AB1C62418CD0A00102FB2 /* Main.storyboard in Resources */,
			);
			runOnlyForDeploymentPostprocessing = 0;
		};
/* End PBXResourcesBuildPhase section */

/* Begin PBXShellScriptBuildPhase section */
		23092107A51BD83C9649F9F7 /* [CP] Check Pods Manifest.lock */ = {
			isa = PBXShellScriptBuildPhase;
			buildActionMask = 2147483647;
			files = (
			);
			inputFileListPaths = (
			);
			inputPaths = (
				"${PODS_PODFILE_DIR_PATH}/Podfile.lock",
				"${PODS_ROOT}/Manifest.lock",
			);
			name = "[CP] Check Pods Manifest.lock";
			outputFileListPaths = (
			);
			outputPaths = (
				"$(DERIVED_FILE_DIR)/Pods-StreetFlow-checkManifestLockResult.txt",
			);
			runOnlyForDeploymentPostprocessing = 0;
			shellPath = /bin/sh;
			shellScript = "diff \"${PODS_PODFILE_DIR_PATH}/Podfile.lock\" \"${PODS_ROOT}/Manifest.lock\" > /dev/null\nif [ $? != 0 ] ; then\n    # print error to STDERR\n    echo \"error: The sandbox is not in sync with the Podfile.lock. Run 'pod install' or update your CocoaPods installation.\" >&2\n    exit 1\nfi\n# This output is used by Xcode 'outputs' to avoid re-running this script phase.\necho \"SUCCESS\" > \"${SCRIPT_OUTPUT_FILE_0}\"\n";
			showEnvVarsInLog = 0;
		};
		2706087C79D5E4432865749C /* [CP] Embed Pods Frameworks */ = {
			isa = PBXShellScriptBuildPhase;
			buildActionMask = 2147483647;
			files = (
			);
			inputFileListPaths = (
			);
			inputPaths = (
				"${PODS_ROOT}/Target Support Files/Pods-StreetFlow/Pods-StreetFlow-frameworks.sh",
				"${BUILT_PRODUCTS_DIR}/MASegmentedControl/MASegmentedControl.framework",
				"${BUILT_PRODUCTS_DIR}/SwiftyPageController/SwiftyPageController.framework",
			);
			name = "[CP] Embed Pods Frameworks";
			outputFileListPaths = (
			);
			outputPaths = (
				"${TARGET_BUILD_DIR}/${FRAMEWORKS_FOLDER_PATH}/MASegmentedControl.framework",
				"${TARGET_BUILD_DIR}/${FRAMEWORKS_FOLDER_PATH}/SwiftyPageController.framework",
			);
			runOnlyForDeploymentPostprocessing = 0;
			shellPath = /bin/sh;
			shellScript = "\"${PODS_ROOT}/Target Support Files/Pods-StreetFlow/Pods-StreetFlow-frameworks.sh\"\n";
			showEnvVarsInLog = 0;
		};
/* End PBXShellScriptBuildPhase section */

/* Begin PBXSourcesBuildPhase section */
		A32AB1B72418CD0A00102FB2 /* Sources */ = {
			isa = PBXSourcesBuildPhase;
			buildActionMask = 2147483647;
			files = (
				A3553B21241A3D6000A66339 /* SearchVC.swift in Sources */,
				A32AB1BF2418CD0A00102FB2 /* AppDelegate.swift in Sources */,
				A330B46D241A002B00C68A16 /* PageVC.swift in Sources */,
				A327B06B241B555A005821DB /* ListCell.swift in Sources */,
				A3B3A234241B813800FE98C5 /* BaseVC.swift in Sources */,
				A330B4652419EBEE00C68A16 /* RoundView.swift in Sources */,
				A330B4632419EBDB00C68A16 /* RoundButton.swift in Sources */,
				A330B46B2419FB9300C68A16 /* ListVC.swift in Sources */,
				A32AB1D92418D88100102FB2 /* AppDefine.swift in Sources */,
				A3553B1F241A20EE00A66339 /* MenuVC.swift in Sources */,
				A32AB1C12418CD0A00102FB2 /* SceneDelegate.swift in Sources */,
				A3553B23241A3D9E00A66339 /* DealVC.swift in Sources */,
				A330B4692419FB8200C68A16 /* MapVC.swift in Sources */,
				A330B4672419EC0A00C68A16 /* TopRoundView.swift in Sources */,
				A32AB1DB2418D8AE00102FB2 /* LoginVC.swift in Sources */,
			);
			runOnlyForDeploymentPostprocessing = 0;
		};
/* End PBXSourcesBuildPhase section */

/* Begin PBXVariantGroup section */
		A32AB1C42418CD0A00102FB2 /* Main.storyboard */ = {
			isa = PBXVariantGroup;
			children = (
				A32AB1C52418CD0A00102FB2 /* Base */,
			);
			name = Main.storyboard;
			sourceTree = "<group>";
		};
		A32AB1C92418CD0D00102FB2 /* LaunchScreen.storyboard */ = {
			isa = PBXVariantGroup;
			children = (
				A32AB1CA2418CD0D00102FB2 /* Base */,
			);
			name = LaunchScreen.storyboard;
			sourceTree = "<group>";
		};
/* End PBXVariantGroup section */

/* Begin XCBuildConfiguration section */
		A32AB1CD2418CD0D00102FB2 /* Debug */ = {
			isa = XCBuildConfiguration;
			buildSettings = {
				ALWAYS_SEARCH_USER_PATHS = NO;
				CLANG_ANALYZER_NONNULL = YES;
				CLANG_ANALYZER_NUMBER_OBJECT_CONVERSION = YES_AGGRESSIVE;
				CLANG_CXX_LANGUAGE_STANDARD = "gnu++14";
				CLANG_CXX_LIBRARY = "libc++";
				CLANG_ENABLE_MODULES = YES;
				CLANG_ENABLE_OBJC_ARC = YES;
				CLANG_ENABLE_OBJC_WEAK = YES;
				CLANG_WARN_BLOCK_CAPTURE_AUTORELEASING = YES;
				CLANG_WARN_BOOL_CONVERSION = YES;
				CLANG_WARN_COMMA = YES;
				CLANG_WARN_CONSTANT_CONVERSION = YES;
				CLANG_WARN_DEPRECATED_OBJC_IMPLEMENTATIONS = YES;
				CLANG_WARN_DIRECT_OBJC_ISA_USAGE = YES_ERROR;
				CLANG_WARN_DOCUMENTATION_COMMENTS = YES;
				CLANG_WARN_EMPTY_BODY = YES;
				CLANG_WARN_ENUM_CONVERSION = YES;
				CLANG_WARN_INFINITE_RECURSION = YES;
				CLANG_WARN_INT_CONVERSION = YES;
				CLANG_WARN_NON_LITERAL_NULL_CONVERSION = YES;
				CLANG_WARN_OBJC_IMPLICIT_RETAIN_SELF = YES;
				CLANG_WARN_OBJC_LITERAL_CONVERSION = YES;
				CLANG_WARN_OBJC_ROOT_CLASS = YES_ERROR;
				CLANG_WARN_RANGE_LOOP_ANALYSIS = YES;
				CLANG_WARN_STRICT_PROTOTYPES = YES;
				CLANG_WARN_SUSPICIOUS_MOVE = YES;
				CLANG_WARN_UNGUARDED_AVAILABILITY = YES_AGGRESSIVE;
				CLANG_WARN_UNREACHABLE_CODE = YES;
				CLANG_WARN__DUPLICATE_METHOD_MATCH = YES;
				COPY_PHASE_STRIP = NO;
				DEBUG_INFORMATION_FORMAT = dwarf;
				ENABLE_STRICT_OBJC_MSGSEND = YES;
				ENABLE_TESTABILITY = YES;
				GCC_C_LANGUAGE_STANDARD = gnu11;
				GCC_DYNAMIC_NO_PIC = NO;
				GCC_NO_COMMON_BLOCKS = YES;
				GCC_OPTIMIZATION_LEVEL = 0;
				GCC_PREPROCESSOR_DEFINITIONS = (
					"DEBUG=1",
					"$(inherited)",
				);
				GCC_WARN_64_TO_32_BIT_CONVERSION = YES;
				GCC_WARN_ABOUT_RETURN_TYPE = YES_ERROR;
				GCC_WARN_UNDECLARED_SELECTOR = YES;
				GCC_WARN_UNINITIALIZED_AUTOS = YES_AGGRESSIVE;
				GCC_WARN_UNUSED_FUNCTION = YES;
				GCC_WARN_UNUSED_VARIABLE = YES;
				IPHONEOS_DEPLOYMENT_TARGET = 13.0;
				MTL_ENABLE_DEBUG_INFO = INCLUDE_SOURCE;
				MTL_FAST_MATH = YES;
				ONLY_ACTIVE_ARCH = YES;
				SDKROOT = iphoneos;
				SWIFT_ACTIVE_COMPILATION_CONDITIONS = DEBUG;
				SWIFT_OPTIMIZATION_LEVEL = "-Onone";
			};
			name = Debug;
		};
		A32AB1CE2418CD0D00102FB2 /* Release */ = {
			isa = XCBuildConfiguration;
			buildSettings = {
				ALWAYS_SEARCH_USER_PATHS = NO;
				CLANG_ANALYZER_NONNULL = YES;
				CLANG_ANALYZER_NUMBER_OBJECT_CONVERSION = YES_AGGRESSIVE;
				CLANG_CXX_LANGUAGE_STANDARD = "gnu++14";
				CLANG_CXX_LIBRARY = "libc++";
				CLANG_ENABLE_MODULES = YES;
				CLANG_ENABLE_OBJC_ARC = YES;
				CLANG_ENABLE_OBJC_WEAK = YES;
				CLANG_WARN_BLOCK_CAPTURE_AUTORELEASING = YES;
				CLANG_WARN_BOOL_CONVERSION = YES;
				CLANG_WARN_COMMA = YES;
				CLANG_WARN_CONSTANT_CONVERSION = YES;
				CLANG_WARN_DEPRECATED_OBJC_IMPLEMENTATIONS = YES;
				CLANG_WARN_DIRECT_OBJC_ISA_USAGE = YES_ERROR;
				CLANG_WARN_DOCUMENTATION_COMMENTS = YES;
				CLANG_WARN_EMPTY_BODY = YES;
				CLANG_WARN_ENUM_CONVERSION = YES;
				CLANG_WARN_INFINITE_RECURSION = YES;
				CLANG_WARN_INT_CONVERSION = YES;
				CLANG_WARN_NON_LITERAL_NULL_CONVERSION = YES;
				CLANG_WARN_OBJC_IMPLICIT_RETAIN_SELF = YES;
				CLANG_WARN_OBJC_LITERAL_CONVERSION = YES;
				CLANG_WARN_OBJC_ROOT_CLASS = YES_ERROR;
				CLANG_WARN_RANGE_LOOP_ANALYSIS = YES;
				CLANG_WARN_STRICT_PROTOTYPES = YES;
				CLANG_WARN_SUSPICIOUS_MOVE = YES;
				CLANG_WARN_UNGUARDED_AVAILABILITY = YES_AGGRESSIVE;
				CLANG_WARN_UNREACHABLE_CODE = YES;
				CLANG_WARN__DUPLICATE_METHOD_MATCH = YES;
				COPY_PHASE_STRIP = NO;
				DEBUG_INFORMATION_FORMAT = "dwarf-with-dsym";
				ENABLE_NS_ASSERTIONS = NO;
				ENABLE_STRICT_OBJC_MSGSEND = YES;
				GCC_C_LANGUAGE_STANDARD = gnu11;
				GCC_NO_COMMON_BLOCKS = YES;
				GCC_WARN_64_TO_32_BIT_CONVERSION = YES;
				GCC_WARN_ABOUT_RETURN_TYPE = YES_ERROR;
				GCC_WARN_UNDECLARED_SELECTOR = YES;
				GCC_WARN_UNINITIALIZED_AUTOS = YES_AGGRESSIVE;
				GCC_WARN_UNUSED_FUNCTION = YES;
				GCC_WARN_UNUSED_VARIABLE = YES;
				IPHONEOS_DEPLOYMENT_TARGET = 13.0;
				MTL_ENABLE_DEBUG_INFO = NO;
				MTL_FAST_MATH = YES;
				SDKROOT = iphoneos;
				SWIFT_COMPILATION_MODE = wholemodule;
				SWIFT_OPTIMIZATION_LEVEL = "-O";
				VALIDATE_PRODUCT = YES;
			};
			name = Release;
		};
		A32AB1D02418CD0D00102FB2 /* Debug */ = {
			isa = XCBuildConfiguration;
			baseConfigurationReference = BAB35E315C2FAE051B0D24A4 /* Pods-StreetFlow.debug.xcconfig */;
			buildSettings = {
				ASSETCATALOG_COMPILER_APPICON_NAME = AppIcon;
				CODE_SIGN_STYLE = Automatic;
				DEVELOPMENT_TEAM = A2UMZN4BL3;
				INFOPLIST_FILE = StreetFlow/Info.plist;
				LD_RUNPATH_SEARCH_PATHS = (
					"$(inherited)",
					"@executable_path/Frameworks",
				);
				PRODUCT_BUNDLE_IDENTIFIER = org.balanceapp.balance;
				PRODUCT_NAME = "$(TARGET_NAME)";
				SWIFT_VERSION = 5.0;
				TARGETED_DEVICE_FAMILY = "1,2";
			};
			name = Debug;
		};
		A32AB1D12418CD0D00102FB2 /* Release */ = {
			isa = XCBuildConfiguration;
			baseConfigurationReference = EC12F8F8C056A23912E76214 /* Pods-StreetFlow.release.xcconfig */;
			buildSettings = {
				ASSETCATALOG_COMPILER_APPICON_NAME = AppIcon;
				CODE_SIGN_STYLE = Automatic;
				DEVELOPMENT_TEAM = A2UMZN4BL3;
				INFOPLIST_FILE = StreetFlow/Info.plist;
				LD_RUNPATH_SEARCH_PATHS = (
					"$(inherited)",
					"@executable_path/Frameworks",
				);
				PRODUCT_BUNDLE_IDENTIFIER = org.balanceapp.balance;
				PRODUCT_NAME = "$(TARGET_NAME)";
				SWIFT_VERSION = 5.0;
				TARGETED_DEVICE_FAMILY = "1,2";
			};
			name = Release;
		};
/* End XCBuildConfiguration section */

/* Begin XCConfigurationList section */
		A32AB1B62418CD0900102FB2 /* Build configuration list for PBXProject "StreetFlow" */ = {
			isa = XCConfigurationList;
			buildConfigurations = (
				A32AB1CD2418CD0D00102FB2 /* Debug */,
				A32AB1CE2418CD0D00102FB2 /* Release */,
			);
			defaultConfigurationIsVisible = 0;
			defaultConfigurationName = Release;
		};
		A32AB1CF2418CD0D00102FB2 /* Build configuration list for PBXNativeTarget "StreetFlow" */ = {
			isa = XCConfigurationList;
			buildConfigurations = (
				A32AB1D02418CD0D00102FB2 /* Debug */,
				A32AB1D12418CD0D00102FB2 /* Release */,
			);
			defaultConfigurationIsVisible = 0;
			defaultConfigurationName = Release;
		};
/* End XCConfigurationList section */
	};
	rootObject = A32AB1B32418CD0900102FB2 /* Project object */;
}
